<?xml version="1.0" encoding="utf-8"?>
<Project ToolsVersion="4.0" xmlns="http://schemas.microsoft.com/developer/msbuild/2003">
  <ItemGroup>
    <Filter Include="Source Files">
      <UniqueIdentifier>{4FC737F1-C7A5-4376-A066-2A32D752A2FF}</UniqueIdentifier>
      <Extensions>cpp;c;cc;cxx;def;odl;idl;hpj;bat;asm;asmx</Extensions>
    </Filter>
    <Filter Include="Header Files">
      <UniqueIdentifier>{93995380-89BD-4b04-88EB-625FBE52EBFB}</UniqueIdentifier>
      <Extensions>h;hh;hpp;hxx;hm;inl;inc;ipp;xsd</Extensions>
    </Filter>
    <Filter Include="Resource Files">
      <UniqueIdentifier>{67DA6AB6-F800-4c08-8B7A-83BB121AAD01}</UniqueIdentifier>
      <Extensions>rc;ico;cur;bmp;dlg;rc2;rct;bin;rgs;gif;jpg;jpeg;jpe;resx;tiff;tif;png;wav;mfcribbon-ms</Extensions>
    </Filter>
  </ItemGroup>
  <ItemGroup>
    <ClInclude Include="framework.h">
      <Filter>Header Files</Filter>
    </ClInclude>
    <ClInclude Include="targetver.h">
      <Filter>Header Files</Filter>
    </ClInclude>
    <ClInclude Include="Resource.h">
      <Filter>Header Files</Filter>
    </ClInclude>
    <ClInclude Include="WatchySim.h">
      <Filter>Header Files</Filter>
    </ClInclude>
    <ClInclude Include="Watchy_MacPaint.h">
      <Filter>Header Files</Filter>
    </ClInclude>
    <ClInclude Include="macpaint.h">
      <Filter>Header Files</Filter>
    </ClInclude>
    <ClInclude Include="Watchy.h">
      <Filter>Header Files</Filter>
    </ClInclude>
    <ClInclude Include="Watchy_Tetris.h">
      <Filter>Header Files</Filter>
    </ClInclude>
    <ClInclude Include="tetris.h">
      <Filter>Header Files</Filter>
    </ClInclude>
    <ClInclude Include="Px437_IBM_BIOS5pt7b.h">
      <Filter>Header Files</Filter>
    </ClInclude>
    <ClInclude Include="Watchy_DOS.h">
      <Filter>Header Files</Filter>
    </ClInclude>
    <ClInclude Include="gfxfont.h">
      <Filter>Header Files</Filter>
    </ClInclude>
    <ClInclude Include="Watchy_Pokemon.h">
      <Filter>Header Files</Filter>
    </ClInclude>
    <ClInclude Include="pokemon.h">
      <Filter>Header Files</Filter>
    </ClInclude>
    <ClInclude Include="FreeMonoBold9pt7b.h">
      <Filter>Header Files</Filter>
    </ClInclude>
    <ClInclude Include="FreeSerifItalic9pt7b.h">
      <Filter>Header Files</Filter>
    </ClInclude>
    <ClInclude Include="FreeSerifBold12pt7b.h">
      <Filter>Header Files</Filter>
    </ClInclude>
    <ClInclude Include="FreeSansBold9pt7b.h">
      <Filter>Header Files</Filter>
    </ClInclude>
    <ClInclude Include="pgmspace.h">
      <Filter>Header Files</Filter>
    </ClInclude>
    <ClInclude Include="analoggabel.h">
      <Filter>Header Files</Filter>
    </ClInclude>
    <ClInclude Include="Watchy_AnalogGabel.h">
      <Filter>Header Files</Filter>
    </ClInclude>
    <ClInclude Include="FreeMonoOblique24pt7b.h">
      <Filter>Header Files</Filter>
    </ClInclude>
    <ClInclude Include="FreeSerifBoldItalic9pt7b.h">
      <Filter>Header Files</Filter>
    </ClInclude>
    <ClInclude Include="FreeSerifBoldItalic4pt7b.h">
      <Filter>Header Files</Filter>
    </ClInclude>
    <ClInclude Include="Watchy_PowerShell.h">
      <Filter>Header Files</Filter>
    </ClInclude>
    <ClInclude Include="powershell.h">
      <Filter>Header Files</Filter>
    </ClInclude>
    <ClInclude Include="FreeMono9pt7b.h">
      <Filter>Header Files</Filter>
    </ClInclude>
  </ItemGroup>
  <ItemGroup>
    <ClCompile Include="WatchySim.cpp">
      <Filter>Source Files</Filter>
    </ClCompile>
    <ClCompile Include="Watchy_MacPaint.cpp">
      <Filter>Source Files</Filter>
    </ClCompile>
    <ClCompile Include="Watchy.cpp">
      <Filter>Source Files</Filter>
    </ClCompile>
    <ClCompile Include="Watchy_Tetris.cpp">
      <Filter>Source Files</Filter>
    </ClCompile>
    <ClCompile Include="Watchy_DOS.cpp">
      <Filter>Source Files</Filter>
    </ClCompile>
    <ClCompile Include="Watchy_Pokemon.cpp">
      <Filter>Source Files</Filter>
    </ClCompile>
    <ClCompile Include="Watchy_AnalogGabel.cpp">
      <Filter>Source Files</Filter>
    </ClCompile>
    <ClCompile Include="Watchy_PowerShell.cpp">
      <Filter>Source Files</Filter>
    </ClCompile>
  </ItemGroup>
  <ItemGroup>
    <ResourceCompile Include="WatchySim.rc">
      <Filter>Resource Files</Filter>
    </ResourceCompile>
  </ItemGroup>
  <ItemGroup>
    <Image Include="WatchySim.ico">
      <Filter>Resource Files</Filter>
    </Image>
    <Image Include="background.gif">
      <Filter>Resource Files</Filter>
    </Image>
  </ItemGroup>
</Project>